
Microsoft Visual Studio Solution File, Format Version 12.00
# Visual Studio 14
VisualStudioVersion = 14.0.25420.1
MinimumVisualStudioVersion = 10.0.40219.1
Project("{FAE04EC0-301F-11D3-BF4B-00C04F79EFBC}") = "StreamWorker", "StreamWorker\StreamWorker.csproj", "{2D813017-5384-4AE3-971A-4FD062A260AF}"
EndProject
Project("{FAE04EC0-301F-11D3-BF4B-00C04F79EFBC}") = "StreamWorker.Tests", "StreamWorker.Tests\StreamWorker.Tests.csproj", "{69920C84-8832-4163-8353-3608CACA8F87}"
EndProject
Project("{FAE04EC0-301F-11D3-BF4B-00C04F79EFBC}") = "Framework.Core", "Framework.Core\Framework.Core.csproj", "{DF824922-DADB-41EF-907C-C64E5B35FA83}"
EndProject
Project("{FAE04EC0-301F-11D3-BF4B-00C04F79EFBC}") = "StreamWorker.Data", "StreamWorker.Data\StreamWorker.Data.csproj", "{99245432-9EDD-4BD9-B6D3-1685E8B5712F}"
EndProject
Project("{FAE04EC0-301F-11D3-BF4B-00C04F79EFBC}") = "StreamWorker.Business", "StreamWorker.Business\StreamWorker.Business.csproj", "{71AB4573-6D4E-4E04-ABD1-AF7486046F73}"
EndProject
Project("{FAE04EC0-301F-11D3-BF4B-00C04F79EFBC}") = "StreamWorker.Core", "StreamWorker.Core\StreamWorker.Core.csproj", "{8CD22D9F-4B0D-4D9F-9E21-3AB8FE7FDDB2}"
EndProject
Project("{FAE04EC0-301F-11D3-BF4B-00C04F79EFBC}") = "Framework.Data", "Framework.Data\Framework.Data.csproj", "{1372BA7A-87C9-49E9-83C9-09E0286453DF}"
EndProject
Project("{FAE04EC0-301F-11D3-BF4B-00C04F79EFBC}") = "Framework.Mvc", "Framework.Mvc\Framework.Mvc.csproj", "{93FB22A3-0FB6-4F96-AC3E-281E6BEB0388}"
EndProject
Project("{FAE04EC0-301F-11D3-BF4B-00C04F79EFBC}") = "Framework.Business", "Framework.Business\Framework.Business.csproj", "{2104B1A3-311C-4F4D-861D-0FAB0D84FB02}"
EndProject
Project("{2150E333-8FDC-42A3-9474-1A3956D46DE8}") = "Framework", "Framework", "{4B8DFA31-3882-4984-B93A-5611DC7D217E}"
EndProject
Global
	GlobalSection(SolutionConfigurationPlatforms) = preSolution
		Debug|Any CPU = Debug|Any CPU
		Release|Any CPU = Release|Any CPU
	EndGlobalSection
	GlobalSection(ProjectConfigurationPlatforms) = postSolution
		{2D813017-5384-4AE3-971A-4FD062A260AF}.Debug|Any CPU.ActiveCfg = Debug|Any CPU
		{2D813017-5384-4AE3-971A-4FD062A260AF}.Debug|Any CPU.Build.0 = Debug|Any CPU
		{2D813017-5384-4AE3-971A-4FD062A260AF}.Release|Any CPU.ActiveCfg = Release|Any CPU
		{2D813017-5384-4AE3-971A-4FD062A260AF}.Release|Any CPU.Build.0 = Release|Any CPU
		{69920C84-8832-4163-8353-3608CACA8F87}.Debug|Any CPU.ActiveCfg = Debug|Any CPU
		{69920C84-8832-4163-8353-3608CACA8F87}.Debug|Any CPU.Build.0 = Debug|Any CPU
		{69920C84-8832-4163-8353-3608CACA8F87}.Release|Any CPU.ActiveCfg = Release|Any CPU
		{69920C84-8832-4163-8353-3608CACA8F87}.Release|Any CPU.Build.0 = Release|Any CPU
		{DF824922-DADB-41EF-907C-C64E5B35FA83}.Debug|Any CPU.ActiveCfg = Debug|Any CPU
		{DF824922-DADB-41EF-907C-C64E5B35FA83}.Debug|Any CPU.Build.0 = Debug|Any CPU
		{DF824922-DADB-41EF-907C-C64E5B35FA83}.Release|Any CPU.ActiveCfg = Release|Any CPU
		{DF824922-DADB-41EF-907C-C64E5B35FA83}.Release|Any CPU.Build.0 = Release|Any CPU
		{99245432-9EDD-4BD9-B6D3-1685E8B5712F}.Debug|Any CPU.ActiveCfg = Debug|Any CPU
		{99245432-9EDD-4BD9-B6D3-1685E8B5712F}.Debug|Any CPU.Build.0 = Debug|Any CPU
		{99245432-9EDD-4BD9-B6D3-1685E8B5712F}.Release|Any CPU.ActiveCfg = Release|Any CPU
		{99245432-9EDD-4BD9-B6D3-1685E8B5712F}.Release|Any CPU.Build.0 = Release|Any CPU
		{71AB4573-6D4E-4E04-ABD1-AF7486046F73}.Debug|Any CPU.ActiveCfg = Debug|Any CPU
		{71AB4573-6D4E-4E04-ABD1-AF7486046F73}.Debug|Any CPU.Build.0 = Debug|Any CPU
		{71AB4573-6D4E-4E04-ABD1-AF7486046F73}.Release|Any CPU.ActiveCfg = Release|Any CPU
		{71AB4573-6D4E-4E04-ABD1-AF7486046F73}.Release|Any CPU.Build.0 = Release|Any CPU
		{8CD22D9F-4B0D-4D9F-9E21-3AB8FE7FDDB2}.Debug|Any CPU.ActiveCfg = Debug|Any CPU
		{8CD22D9F-4B0D-4D9F-9E21-3AB8FE7FDDB2}.Debug|Any CPU.Build.0 = Debug|Any CPU
		{8CD22D9F-4B0D-4D9F-9E21-3AB8FE7FDDB2}.Release|Any CPU.ActiveCfg = Release|Any CPU
		{8CD22D9F-4B0D-4D9F-9E21-3AB8FE7FDDB2}.Release|Any CPU.Build.0 = Release|Any CPU
		{1372BA7A-87C9-49E9-83C9-09E0286453DF}.Debug|Any CPU.ActiveCfg = Debug|Any CPU
		{1372BA7A-87C9-49E9-83C9-09E0286453DF}.Debug|Any CPU.Build.0 = Debug|Any CPU
		{1372BA7A-87C9-49E9-83C9-09E0286453DF}.Release|Any CPU.ActiveCfg = Release|Any CPU
		{1372BA7A-87C9-49E9-83C9-09E0286453DF}.Release|Any CPU.Build.0 = Release|Any CPU
		{93FB22A3-0FB6-4F96-AC3E-281E6BEB0388}.Debug|Any CPU.ActiveCfg = Debug|Any CPU
		{93FB22A3-0FB6-4F96-AC3E-281E6BEB0388}.Debug|Any CPU.Build.0 = Debug|Any CPU
		{93FB22A3-0FB6-4F96-AC3E-281E6BEB0388}.Release|Any CPU.ActiveCfg = Release|Any CPU
		{93FB22A3-0FB6-4F96-AC3E-281E6BEB0388}.Release|Any CPU.Build.0 = Release|Any CPU
		{2104B1A3-311C-4F4D-861D-0FAB0D84FB02}.Debug|Any CPU.ActiveCfg = Debug|Any CPU
		{2104B1A3-311C-4F4D-861D-0FAB0D84FB02}.Debug|Any CPU.Build.0 = Debug|Any CPU
		{2104B1A3-311C-4F4D-861D-0FAB0D84FB02}.Release|Any CPU.ActiveCfg = Release|Any CPU
		{2104B1A3-311C-4F4D-861D-0FAB0D84FB02}.Release|Any CPU.Build.0 = Release|Any CPU
	EndGlobalSection
	GlobalSection(SolutionProperties) = preSolution
		HideSolutionNode = FALSE
	EndGlobalSection
	GlobalSection(NestedProjects) = preSolution
		{DF824922-DADB-41EF-907C-C64E5B35FA83} = {4B8DFA31-3882-4984-B93A-5611DC7D217E}
		{1372BA7A-87C9-49E9-83C9-09E0286453DF} = {4B8DFA31-3882-4984-B93A-5611DC7D217E}
		{93FB22A3-0FB6-4F96-AC3E-281E6BEB0388} = {4B8DFA31-3882-4984-B93A-5611DC7D217E}
		{2104B1A3-311C-4F4D-861D-0FAB0D84FB02} = {4B8DFA31-3882-4984-B93A-5611DC7D217E}
	EndGlobalSection
EndGlobal
